
Microsoft Visual Studio Solution File, Format Version 12.00
# Visual Studio Version 16
VisualStudioVersion = 16.0.32510.428
MinimumVisualStudioVersion = 10.0.40219.1
Project("{FAE04EC0-301F-11D3-BF4B-00C04F79EFBC}") = "TemplateEmptyNhibernate", "TemplateEmptyNhibernate.csproj", "{1C502BA3-013E-45F7-93A9-4B35E49B48CB}"
EndProject
Global
	GlobalSection(SolutionConfigurationPlatforms) = preSolution
		Debug|Any CPU = Debug|Any CPU
		Release|Any CPU = Release|Any CPU
	EndGlobalSection
	GlobalSection(ProjectConfigurationPlatforms) = postSolution
		{1C502BA3-013E-45F7-93A9-4B35E49B48CB}.Debug|Any CPU.ActiveCfg = Debug|Any CPU
		{1C502BA3-013E-45F7-93A9-4B35E49B48CB}.Debug|Any CPU.Build.0 = Debug|Any CPU
		{1C502BA3-013E-45F7-93A9-4B35E49B48CB}.Release|Any CPU.ActiveCfg = Release|Any CPU
		{1C502BA3-013E-45F7-93A9-4B35E49B48CB}.Release|Any CPU.Build.0 = Release|Any CPU
	EndGlobalSection
	GlobalSection(SolutionProperties) = preSolution
		HideSolutionNode = FALSE
	EndGlobalSection
	GlobalSection(ExtensibilityGlobals) = postSolution
		SolutionGuid = {B3B5D1D7-90B0-4497-BD58-9DABE55E3558}
	EndGlobalSection
EndGlobal
